
Microsoft Visual Studio Solution File, Format Version 12.00
# Visual Studio 15
VisualStudioVersion = 15.0.27703.2026
MinimumVisualStudioVersion = 10.0.40219.1
Project("{FAE04EC0-301F-11D3-BF4B-00C04F79EFBC}") = "XamarinFormsAR.Android", "XamarinFormsAR\XamarinFormsAR.Android\XamarinFormsAR.Android.csproj", "{E75A1B4F-3DEA-4616-BD52-BF2F80590715}"
EndProject
Project("{FAE04EC0-301F-11D3-BF4B-00C04F79EFBC}") = "XamarinFormsAR.iOS", "XamarinFormsAR\XamarinFormsAR.iOS\XamarinFormsAR.iOS.csproj", "{15A6A977-EF5B-40C0-8353-B51B8C571D80}"
EndProject
Project("{9A19103F-16F7-4668-BE54-9A1E7A4F7556}") = "XamarinFormsAR", "XamarinFormsAR\XamarinFormsAR\XamarinFormsAR.csproj", "{35C674E7-EF7B-4A02-BDD9-8424A9D17C8D}"
EndProject
Project("{FAE04EC0-301F-11D3-BF4B-00C04F79EFBC}") = "JavaGL", "JavaGL\JavaGL.csproj", "{7B372CCE-4D08-4562-9B71-A36295CD14A0}"
EndProject
Project("{FAE04EC0-301F-11D3-BF4B-00C04F79EFBC}") = "Google.ARCore", "Google.ARCore\Google.ARCore.csproj", "{7A6A4B6E-83DA-47ED-ADE2-7674011CE5D3}"
EndProject
Global
	GlobalSection(SolutionConfigurationPlatforms) = preSolution
		Ad-Hoc|Any CPU = Ad-Hoc|Any CPU
		Ad-Hoc|iPhone = Ad-Hoc|iPhone
		Ad-Hoc|iPhoneSimulator = Ad-Hoc|iPhoneSimulator
		AppStore|Any CPU = AppStore|Any CPU
		AppStore|iPhone = AppStore|iPhone
		AppStore|iPhoneSimulator = AppStore|iPhoneSimulator
		Debug|Any CPU = Debug|Any CPU
		Debug|iPhone = Debug|iPhone
		Debug|iPhoneSimulator = Debug|iPhoneSimulator
		Release|Any CPU = Release|Any CPU
		Release|iPhone = Release|iPhone
		Release|iPhoneSimulator = Release|iPhoneSimulator
	EndGlobalSection
	GlobalSection(ProjectConfigurationPlatforms) = postSolution
		{E75A1B4F-3DEA-4616-BD52-BF2F80590715}.Ad-Hoc|Any CPU.ActiveCfg = Release|Any CPU
		{E75A1B4F-3DEA-4616-BD52-BF2F80590715}.Ad-Hoc|Any CPU.Build.0 = Release|Any CPU
		{E75A1B4F-3DEA-4616-BD52-BF2F80590715}.Ad-Hoc|Any CPU.Deploy.0 = Release|Any CPU
		{E75A1B4F-3DEA-4616-BD52-BF2F80590715}.Ad-Hoc|iPhone.ActiveCfg = Release|Any CPU
		{E75A1B4F-3DEA-4616-BD52-BF2F80590715}.Ad-Hoc|iPhone.Build.0 = Release|Any CPU
		{E75A1B4F-3DEA-4616-BD52-BF2F80590715}.Ad-Hoc|iPhone.Deploy.0 = Release|Any CPU
		{E75A1B4F-3DEA-4616-BD52-BF2F80590715}.Ad-Hoc|iPhoneSimulator.ActiveCfg = Release|Any CPU
		{E75A1B4F-3DEA-4616-BD52-BF2F80590715}.Ad-Hoc|iPhoneSimulator.Build.0 = Release|Any CPU
		{E75A1B4F-3DEA-4616-BD52-BF2F80590715}.Ad-Hoc|iPhoneSimulator.Deploy.0 = Release|Any CPU
		{E75A1B4F-3DEA-4616-BD52-BF2F80590715}.AppStore|Any CPU.ActiveCfg = Release|Any CPU
		{E75A1B4F-3DEA-4616-BD52-BF2F80590715}.AppStore|Any CPU.Build.0 = Release|Any CPU
		{E75A1B4F-3DEA-4616-BD52-BF2F80590715}.AppStore|Any CPU.Deploy.0 = Release|Any CPU
		{E75A1B4F-3DEA-4616-BD52-BF2F80590715}.AppStore|iPhone.ActiveCfg = Release|Any CPU
		{E75A1B4F-3DEA-4616-BD52-BF2F80590715}.AppStore|iPhone.Build.0 = Release|Any CPU
		{E75A1B4F-3DEA-4616-BD52-BF2F80590715}.AppStore|iPhone.Deploy.0 = Release|Any CPU
		{E75A1B4F-3DEA-4616-BD52-BF2F80590715}.AppStore|iPhoneSimulator.ActiveCfg = Release|Any CPU
		{E75A1B4F-3DEA-4616-BD52-BF2F80590715}.AppStore|iPhoneSimulator.Build.0 = Release|Any CPU
		{E75A1B4F-3DEA-4616-BD52-BF2F80590715}.AppStore|iPhoneSimulator.Deploy.0 = Release|Any CPU
		{E75A1B4F-3DEA-4616-BD52-BF2F80590715}.Debug|Any CPU.ActiveCfg = Debug|Any CPU
		{E75A1B4F-3DEA-4616-BD52-BF2F80590715}.Debug|Any CPU.Build.0 = Debug|Any CPU
		{E75A1B4F-3DEA-4616-BD52-BF2F80590715}.Debug|Any CPU.Deploy.0 = Debug|Any CPU
		{E75A1B4F-3DEA-4616-BD52-BF2F80590715}.Debug|iPhone.ActiveCfg = Debug|Any CPU
		{E75A1B4F-3DEA-4616-BD52-BF2F80590715}.Debug|iPhone.Build.0 = Debug|Any CPU
		{E75A1B4F-3DEA-4616-BD52-BF2F80590715}.Debug|iPhone.Deploy.0 = Debug|Any CPU
		{E75A1B4F-3DEA-4616-BD52-BF2F80590715}.Debug|iPhoneSimulator.ActiveCfg = Debug|Any CPU
		{E75A1B4F-3DEA-4616-BD52-BF2F80590715}.Debug|iPhoneSimulator.Build.0 = Debug|Any CPU
		{E75A1B4F-3DEA-4616-BD52-BF2F80590715}.Debug|iPhoneSimulator.Deploy.0 = Debug|Any CPU
		{E75A1B4F-3DEA-4616-BD52-BF2F80590715}.Release|Any CPU.ActiveCfg = Release|Any CPU
		{E75A1B4F-3DEA-4616-BD52-BF2F80590715}.Release|Any CPU.Build.0 = Release|Any CPU
		{E75A1B4F-3DEA-4616-BD52-BF2F80590715}.Release|Any CPU.Deploy.0 = Release|Any CPU
		{E75A1B4F-3DEA-4616-BD52-BF2F80590715}.Release|iPhone.ActiveCfg = Release|Any CPU
		{E75A1B4F-3DEA-4616-BD52-BF2F80590715}.Release|iPhone.Build.0 = Release|Any CPU
		{E75A1B4F-3DEA-4616-BD52-BF2F80590715}.Release|iPhone.Deploy.0 = Release|Any CPU
		{E75A1B4F-3DEA-4616-BD52-BF2F80590715}.Release|iPhoneSimulator.ActiveCfg = Release|Any CPU
		{E75A1B4F-3DEA-4616-BD52-BF2F80590715}.Release|iPhoneSimulator.Build.0 = Release|Any CPU
		{E75A1B4F-3DEA-4616-BD52-BF2F80590715}.Release|iPhoneSimulator.Deploy.0 = Release|Any CPU
		{15A6A977-EF5B-40C0-8353-B51B8C571D80}.Ad-Hoc|Any CPU.ActiveCfg = Ad-Hoc|iPhone
		{15A6A977-EF5B-40C0-8353-B51B8C571D80}.Ad-Hoc|iPhone.ActiveCfg = Ad-Hoc|iPhone
		{15A6A977-EF5B-40C0-8353-B51B8C571D80}.Ad-Hoc|iPhone.Build.0 = Ad-Hoc|iPhone
		{15A6A977-EF5B-40C0-8353-B51B8C571D80}.Ad-Hoc|iPhoneSimulator.ActiveCfg = Ad-Hoc|iPhoneSimulator
		{15A6A977-EF5B-40C0-8353-B51B8C571D80}.Ad-Hoc|iPhoneSimulator.Build.0 = Ad-Hoc|iPhoneSimulator
		{15A6A977-EF5B-40C0-8353-B51B8C571D80}.AppStore|Any CPU.ActiveCfg = AppStore|iPhone
		{15A6A977-EF5B-40C0-8353-B51B8C571D80}.AppStore|iPhone.ActiveCfg = AppStore|iPhone
		{15A6A977-EF5B-40C0-8353-B51B8C571D80}.AppStore|iPhone.Build.0 = AppStore|iPhone
		{15A6A977-EF5B-40C0-8353-B51B8C571D80}.AppStore|iPhoneSimulator.ActiveCfg = AppStore|iPhoneSimulator
		{15A6A977-EF5B-40C0-8353-B51B8C571D80}.AppStore|iPhoneSimulator.Build.0 = AppStore|iPhoneSimulator
		{15A6A977-EF5B-40C0-8353-B51B8C571D80}.Debug|Any CPU.ActiveCfg = Debug|iPhone
		{15A6A977-EF5B-40C0-8353-B51B8C571D80}.Debug|iPhone.ActiveCfg = Debug|iPhone
		{15A6A977-EF5B-40C0-8353-B51B8C571D80}.Debug|iPhone.Build.0 = Debug|iPhone
		{15A6A977-EF5B-40C0-8353-B51B8C571D80}.Debug|iPhoneSimulator.ActiveCfg = Debug|iPhoneSimulator
		{15A6A977-EF5B-40C0-8353-B51B8C571D80}.Debug|iPhoneSimulator.Build.0 = Debug|iPhoneSimulator
		{15A6A977-EF5B-40C0-8353-B51B8C571D80}.Release|Any CPU.ActiveCfg = Release|iPhone
		{15A6A977-EF5B-40C0-8353-B51B8C571D80}.Release|iPhone.ActiveCfg = Release|iPhone
		{15A6A977-EF5B-40C0-8353-B51B8C571D80}.Release|iPhone.Build.0 = Release|iPhone
		{15A6A977-EF5B-40C0-8353-B51B8C571D80}.Release|iPhoneSimulator.ActiveCfg = Release|iPhoneSimulator
		{15A6A977-EF5B-40C0-8353-B51B8C571D80}.Release|iPhoneSimulator.Build.0 = Release|iPhoneSimulator
		{35C674E7-EF7B-4A02-BDD9-8424A9D17C8D}.Ad-Hoc|Any CPU.ActiveCfg = Debug|Any CPU
		{35C674E7-EF7B-4A02-BDD9-8424A9D17C8D}.Ad-Hoc|Any CPU.Build.0 = Debug|Any CPU
		{35C674E7-EF7B-4A02-BDD9-8424A9D17C8D}.Ad-Hoc|iPhone.ActiveCfg = Debug|Any CPU
		{35C674E7-EF7B-4A02-BDD9-8424A9D17C8D}.Ad-Hoc|iPhone.Build.0 = Debug|Any CPU
		{35C674E7-EF7B-4A02-BDD9-8424A9D17C8D}.Ad-Hoc|iPhoneSimulator.ActiveCfg = Debug|Any CPU
		{35C674E7-EF7B-4A02-BDD9-8424A9D17C8D}.Ad-Hoc|iPhoneSimulator.Build.0 = Debug|Any CPU
		{35C674E7-EF7B-4A02-BDD9-8424A9D17C8D}.AppStore|Any CPU.ActiveCfg = Debug|Any CPU
		{35C674E7-EF7B-4A02-BDD9-8424A9D17C8D}.AppStore|Any CPU.Build.0 = Debug|Any CPU
		{35C674E7-EF7B-4A02-BDD9-8424A9D17C8D}.AppStore|iPhone.ActiveCfg = Debug|Any CPU
		{35C674E7-EF7B-4A02-BDD9-8424A9D17C8D}.AppStore|iPhone.Build.0 = Debug|Any CPU
		{35C674E7-EF7B-4A02-BDD9-8424A9D17C8D}.AppStore|iPhoneSimulator.ActiveCfg = Debug|Any CPU
		{35C674E7-EF7B-4A02-BDD9-8424A9D17C8D}.AppStore|iPhoneSimulator.Build.0 = Debug|Any CPU
		{35C674E7-EF7B-4A02-BDD9-8424A9D17C8D}.Debug|Any CPU.ActiveCfg = Debug|Any CPU
		{35C674E7-EF7B-4A02-BDD9-8424A9D17C8D}.Debug|Any CPU.Build.0 = Debug|Any CPU
		{35C674E7-EF7B-4A02-BDD9-8424A9D17C8D}.Debug|iPhone.ActiveCfg = Debug|Any CPU
		{35C674E7-EF7B-4A02-BDD9-8424A9D17C8D}.Debug|iPhone.Build.0 = Debug|Any CPU
		{35C674E7-EF7B-4A02-BDD9-8424A9D17C8D}.Debug|iPhoneSimulator.ActiveCfg = Debug|Any CPU
		{35C674E7-EF7B-4A02-BDD9-8424A9D17C8D}.Debug|iPhoneSimulator.Build.0 = Debug|Any CPU
		{35C674E7-EF7B-4A02-BDD9-8424A9D17C8D}.Release|Any CPU.ActiveCfg = Release|Any CPU
		{35C674E7-EF7B-4A02-BDD9-8424A9D17C8D}.Release|Any CPU.Build.0 = Release|Any CPU
		{35C674E7-EF7B-4A02-BDD9-8424A9D17C8D}.Release|iPhone.ActiveCfg = Release|Any CPU
		{35C674E7-EF7B-4A02-BDD9-8424A9D17C8D}.Release|iPhone.Build.0 = Release|Any CPU
		{35C674E7-EF7B-4A02-BDD9-8424A9D17C8D}.Release|iPhoneSimulator.ActiveCfg = Release|Any CPU
		{35C674E7-EF7B-4A02-BDD9-8424A9D17C8D}.Release|iPhoneSimulator.Build.0 = Release|Any CPU
		{7B372CCE-4D08-4562-9B71-A36295CD14A0}.Ad-Hoc|Any CPU.ActiveCfg = Release|Any CPU
		{7B372CCE-4D08-4562-9B71-A36295CD14A0}.Ad-Hoc|Any CPU.Build.0 = Release|Any CPU
		{7B372CCE-4D08-4562-9B71-A36295CD14A0}.Ad-Hoc|iPhone.ActiveCfg = Release|Any CPU
		{7B372CCE-4D08-4562-9B71-A36295CD14A0}.Ad-Hoc|iPhone.Build.0 = Release|Any CPU
		{7B372CCE-4D08-4562-9B71-A36295CD14A0}.Ad-Hoc|iPhoneSimulator.ActiveCfg = Release|Any CPU
		{7B372CCE-4D08-4562-9B71-A36295CD14A0}.Ad-Hoc|iPhoneSimulator.Build.0 = Release|Any CPU
		{7B372CCE-4D08-4562-9B71-A36295CD14A0}.AppStore|Any CPU.ActiveCfg = Release|Any CPU
		{7B372CCE-4D08-4562-9B71-A36295CD14A0}.AppStore|Any CPU.Build.0 = Release|Any CPU
		{7B372CCE-4D08-4562-9B71-A36295CD14A0}.AppStore|iPhone.ActiveCfg = Release|Any CPU
		{7B372CCE-4D08-4562-9B71-A36295CD14A0}.AppStore|iPhone.Build.0 = Release|Any CPU
		{7B372CCE-4D08-4562-9B71-A36295CD14A0}.AppStore|iPhoneSimulator.ActiveCfg = Release|Any CPU
		{7B372CCE-4D08-4562-9B71-A36295CD14A0}.AppStore|iPhoneSimulator.Build.0 = Release|Any CPU
		{7B372CCE-4D08-4562-9B71-A36295CD14A0}.Debug|Any CPU.ActiveCfg = Debug|Any CPU
		{7B372CCE-4D08-4562-9B71-A36295CD14A0}.Debug|Any CPU.Build.0 = Debug|Any CPU
		{7B372CCE-4D08-4562-9B71-A36295CD14A0}.Debug|iPhone.ActiveCfg = Debug|Any CPU
		{7B372CCE-4D08-4562-9B71-A36295CD14A0}.Debug|iPhone.Build.0 = Debug|Any CPU
		{7B372CCE-4D08-4562-9B71-A36295CD14A0}.Debug|iPhoneSimulator.ActiveCfg = Debug|Any CPU
		{7B372CCE-4D08-4562-9B71-A36295CD14A0}.Debug|iPhoneSimulator.Build.0 = Debug|Any CPU
		{7B372CCE-4D08-4562-9B71-A36295CD14A0}.Release|Any CPU.ActiveCfg = Release|Any CPU
		{7B372CCE-4D08-4562-9B71-A36295CD14A0}.Release|Any CPU.Build.0 = Release|Any CPU
		{7B372CCE-4D08-4562-9B71-A36295CD14A0}.Release|iPhone.ActiveCfg = Release|Any CPU
		{7B372CCE-4D08-4562-9B71-A36295CD14A0}.Release|iPhone.Build.0 = Release|Any CPU
		{7B372CCE-4D08-4562-9B71-A36295CD14A0}.Release|iPhoneSimulator.ActiveCfg = Release|Any CPU
		{7B372CCE-4D08-4562-9B71-A36295CD14A0}.Release|iPhoneSimulator.Build.0 = Release|Any CPU
		{7A6A4B6E-83DA-47ED-ADE2-7674011CE5D3}.Ad-Hoc|Any CPU.ActiveCfg = Release|Any CPU
		{7A6A4B6E-83DA-47ED-ADE2-7674011CE5D3}.Ad-Hoc|Any CPU.Build.0 = Release|Any CPU
		{7A6A4B6E-83DA-47ED-ADE2-7674011CE5D3}.Ad-Hoc|iPhone.ActiveCfg = Release|Any CPU
		{7A6A4B6E-83DA-47ED-ADE2-7674011CE5D3}.Ad-Hoc|iPhone.Build.0 = Release|Any CPU
		{7A6A4B6E-83DA-47ED-ADE2-7674011CE5D3}.Ad-Hoc|iPhoneSimulator.ActiveCfg = Release|Any CPU
		{7A6A4B6E-83DA-47ED-ADE2-7674011CE5D3}.Ad-Hoc|iPhoneSimulator.Build.0 = Release|Any CPU
		{7A6A4B6E-83DA-47ED-ADE2-7674011CE5D3}.AppStore|Any CPU.ActiveCfg = Release|Any CPU
		{7A6A4B6E-83DA-47ED-ADE2-7674011CE5D3}.AppStore|Any CPU.Build.0 = Release|Any CPU
		{7A6A4B6E-83DA-47ED-ADE2-7674011CE5D3}.AppStore|iPhone.ActiveCfg = Release|Any CPU
		{7A6A4B6E-83DA-47ED-ADE2-7674011CE5D3}.AppStore|iPhone.Build.0 = Release|Any CPU
		{7A6A4B6E-83DA-47ED-ADE2-7674011CE5D3}.AppStore|iPhoneSimulator.ActiveCfg = Release|Any CPU
		{7A6A4B6E-83DA-47ED-ADE2-7674011CE5D3}.AppStore|iPhoneSimulator.Build.0 = Release|Any CPU
		{7A6A4B6E-83DA-47ED-ADE2-7674011CE5D3}.Debug|Any CPU.ActiveCfg = Debug|Any CPU
		{7A6A4B6E-83DA-47ED-ADE2-7674011CE5D3}.Debug|Any CPU.Build.0 = Debug|Any CPU
		{7A6A4B6E-83DA-47ED-ADE2-7674011CE5D3}.Debug|iPhone.ActiveCfg = Debug|Any CPU
		{7A6A4B6E-83DA-47ED-ADE2-7674011CE5D3}.Debug|iPhone.Build.0 = Debug|Any CPU
		{7A6A4B6E-83DA-47ED-ADE2-7674011CE5D3}.Debug|iPhoneSimulator.ActiveCfg = Debug|Any CPU
		{7A6A4B6E-83DA-47ED-ADE2-7674011CE5D3}.Debug|iPhoneSimulator.Build.0 = Debug|Any CPU
		{7A6A4B6E-83DA-47ED-ADE2-7674011CE5D3}.Release|Any CPU.ActiveCfg = Release|Any CPU
		{7A6A4B6E-83DA-47ED-ADE2-7674011CE5D3}.Release|Any CPU.Build.0 = Release|Any CPU
		{7A6A4B6E-83DA-47ED-ADE2-7674011CE5D3}.Release|iPhone.ActiveCfg = Release|Any CPU
		{7A6A4B6E-83DA-47ED-ADE2-7674011CE5D3}.Release|iPhone.Build.0 = Release|Any CPU
		{7A6A4B6E-83DA-47ED-ADE2-7674011CE5D3}.Release|iPhoneSimulator.ActiveCfg = Release|Any CPU
		{7A6A4B6E-83DA-47ED-ADE2-7674011CE5D3}.Release|iPhoneSimulator.Build.0 = Release|Any CPU
	EndGlobalSection
	GlobalSection(SolutionProperties) = preSolution
		HideSolutionNode = FALSE
	EndGlobalSection
	GlobalSection(ExtensibilityGlobals) = postSolution
		SolutionGuid = {EC8083C1-FAA4-4B6E-8BCC-E2AC3A345637}
	EndGlobalSection
EndGlobal
